// !$*UTF8*$!
{
	archiveVersion = 1;
	classes = {
	};
	objectVersion = 46;
	objects = {

/* Begin PBXBuildFile section */
		1884AE941A108C39000D0C16 /* main.m in Sources */ = {isa = PBXBuildFile; fileRef = 1884AE931A108C39000D0C16 /* main.m */; };
		1884AE971A108C39000D0C16 /* AppDelegate.m in Sources */ = {isa = PBXBuildFile; fileRef = 1884AE961A108C39000D0C16 /* AppDelegate.m */; };
		1884AE9A1A108C39000D0C16 /* ViewController.m in Sources */ = {isa = PBXBuildFile; fileRef = 1884AE991A108C39000D0C16 /* ViewController.m */; };
		1884AE9D1A108C39000D0C16 /* Main.storyboard in Resources */ = {isa = PBXBuildFile; fileRef = 1884AE9B1A108C39000D0C16 /* Main.storyboard */; };
		1884AE9F1A108C39000D0C16 /* Images.xcassets in Resources */ = {isa = PBXBuildFile; fileRef = 1884AE9E1A108C39000D0C16 /* Images.xcassets */; };
		1884AEA21A108C39000D0C16 /* LaunchScreen.xib in Resources */ = {isa = PBXBuildFile; fileRef = 1884AEA01A108C39000D0C16 /* LaunchScreen.xib */; };
		1884AEAE1A108C39000D0C16 /* ActionSheetTests.m in Sources */ = {isa = PBXBuildFile; fileRef = 1884AEAD1A108C39000D0C16 /* ActionSheetTests.m */; };
/* End PBXBuildFile section */

/* Begin PBXContainerItemProxy section */
		1884AEA81A108C39000D0C16 /* PBXContainerItemProxy */ = {
			isa = PBXContainerItemProxy;
			containerPortal = 1884AE861A108C38000D0C16 /* Project object */;
			proxyType = 1;
			remoteGlobalIDString = 1884AE8D1A108C39000D0C16;
			remoteInfo = ActionSheet;
		};
/* End PBXContainerItemProxy section */

/* Begin PBXFileReference section */
		1884AE8E1A108C39000D0C16 /* ActionSheet.app */ = {isa = PBXFileReference; explicitFileType = wrapper.application; includeInIndex = 0; path = ActionSheet.app; sourceTree = BUILT_PRODUCTS_DIR; };
		1884AE921A108C39000D0C16 /* Info.plist */ = {isa = PBXFileReference; lastKnownFileType = text.plist.xml; path = Info.plist; sourceTree = "<group>"; };
		1884AE931A108C39000D0C16 /* main.m */ = {isa = PBXFileReference; lastKnownFileType = sourcecode.c.objc; path = main.m; sourceTree = "<group>"; };
		1884AE951A108C39000D0C16 /* AppDelegate.h */ = {isa = PBXFileReference; lastKnownFileType = sourcecode.c.h; path = AppDelegate.h; sourceTree = "<group>"; };
		1884AE961A108C39000D0C16 /* AppDelegate.m */ = {isa = PBXFileReference; lastKnownFileType = sourcecode.c.objc; path = AppDelegate.m; sourceTree = "<group>"; };
		1884AE981A108C39000D0C16 /* ViewController.h */ = {isa = PBXFileReference; lastKnownFileType = sourcecode.c.h; path = ViewController.h; sourceTree = "<group>"; };
		1884AE991A108C39000D0C16 /* ViewController.m */ = {isa = PBXFileReference; lastKnownFileType = sourcecode.c.objc; path = ViewController.m; sourceTree = "<group>"; };
		1884AE9C1A108C39000D0C16 /* Base */ = {isa = PBXFileReference; lastKnownFileType = file.storyboard; name = Base; path = Base.lproj/Main.storyboard; sourceTree = "<group>"; };
		1884AE9E1A108C39000D0C16 /* Images.xcassets */ = {isa = PBXFileReference; lastKnownFileType = folder.assetcatalog; path = Images.xcassets; sourceTree = "<group>"; };
		1884AEA11A108C39000D0C16 /* Base */ = {isa = PBXFileReference; lastKnownFileType = file.xib; name = Base; path = Base.lproj/LaunchScreen.xib; sourceTree = "<group>"; };
		1884AEA71A108C39000D0C16 /* ActionSheetTests.xctest */ = {isa = PBXFileReference; explicitFileType = wrapper.cfbundle; includeInIndex = 0; path = ActionSheetTests.xctest; sourceTree = BUILT_PRODUCTS_DIR; };
		1884AEAC1A108C39000D0C16 /* Info.plist */ = {isa = PBXFileReference; lastKnownFileType = text.plist.xml; path = Info.plist; sourceTree = "<group>"; };
		1884AEAD1A108C39000D0C16 /* ActionSheetTests.m */ = {isa = PBXFileReference; lastKnownFileType = sourcecode.c.objc; path = ActionSheetTests.m; sourceTree = "<group>"; };
/* End PBXFileReference section */

/* Begin PBXFrameworksBuildPhase section */
		1884AE8B1A108C39000D0C16 /* Frameworks */ = {
			isa = PBXFrameworksBuildPhase;
			buildActionMask = 2147483647;
			files = (
			);
			runOnlyForDeploymentPostprocessing = 0;
		};
		1884AEA41A108C39000D0C16 /* Frameworks */ = {
			isa = PBXFrameworksBuildPhase;
			buildActionMask = 2147483647;
			files = (
			);
			runOnlyForDeploymentPostprocessing = 0;
		};
/* End PBXFrameworksBuildPhase section */

/* Begin PBXGroup section */
		1884AE851A108C38000D0C16 = {
			isa = PBXGroup;
			children = (
				1884AE901A108C39000D0C16 /* ActionSheet */,
				1884AEAA1A108C39000D0C16 /* ActionSheetTests */,
				1884AE8F1A108C39000D0C16 /* Products */,
			);
			sourceTree = "<group>";
		};
		1884AE8F1A108C39000D0C16 /* Products */ = {
			isa = PBXGroup;
			children = (
				1884AE8E1A108C39000D0C16 /* ActionSheet.app */,
				1884AEA71A108C39000D0C16 /* ActionSheetTests.xctest */,
			);
			name = Products;
			sourceTree = "<group>";
		};
		1884AE901A108C39000D0C16 /* ActionSheet */ = {
			isa = PBXGroup;
			children = (
				1884AE951A108C39000D0C16 /* AppDelegate.h */,
				1884AE961A108C39000D0C16 /* AppDelegate.m */,
				1884AE981A108C39000D0C16 /* ViewController.h */,
				1884AE991A108C39000D0C16 /* ViewController.m */,
				1884AE9B1A108C39000D0C16 /* Main.storyboard */,
				1884AE9E1A108C39000D0C16 /* Images.xcassets */,
				1884AEA01A108C39000D0C16 /* LaunchScreen.xib */,
				1884AE911A108C39000D0C16 /* Supporting Files */,
			);
			path = ActionSheet;
			sourceTree = "<group>";
		};
		1884AE911A108C39000D0C16 /* Supporting Files */ = {
			isa = PBXGroup;
			children = (
				1884AE921A108C39000D0C16 /* Info.plist */,
				1884AE931A108C39000D0C16 /* main.m */,
			);
			name = "Supporting Files";
			sourceTree = "<group>";
		};
		1884AEAA1A108C39000D0C16 /* ActionSheetTests */ = {
			isa = PBXGroup;
			children = (
				1884AEAD1A108C39000D0C16 /* ActionSheetTests.m */,
				1884AEAB1A108C39000D0C16 /* Supporting Files */,
			);
			path = ActionSheetTests;
			sourceTree = "<group>";
		};
		1884AEAB1A108C39000D0C16 /* Supporting Files */ = {
			isa = PBXGroup;
			children = (
				1884AEAC1A108C39000D0C16 /* Info.plist */,
			);
			name = "Supporting Files";
			sourceTree = "<group>";
		};
/* End PBXGroup section */

/* Begin PBXNativeTarget section */
		1884AE8D1A108C39000D0C16 /* ActionSheet */ = {
			isa = PBXNativeTarget;
			buildConfigurationList = 1884AEB11A108C39000D0C16 /* Build configuration list for PBXNativeTarget "ActionSheet" */;
			buildPhases = (
				1884AE8A1A108C39000D0C16 /* Sources */,
				1884AE8B1A108C39000D0C16 /* Frameworks */,
				1884AE8C1A108C39000D0C16 /* Resources */,
			);
			buildRules = (
			);
			dependencies = (
			);
			name = ActionSheet;
			productName = ActionSheet;
			productReference = 1884AE8E1A108C39000D0C16 /* ActionSheet.app */;
			productType = "com.apple.product-type.application";
		};
		1884AEA61A108C39000D0C16 /* ActionSheetTests */ = {
			isa = PBXNativeTarget;
			buildConfigurationList = 1884AEB41A108C39000D0C16 /* Build configuration list for PBXNativeTarget "ActionSheetTests" */;
			buildPhases = (
				1884AEA31A108C39000D0C16 /* Sources */,
				1884AEA41A108C39000D0C16 /* Frameworks */,
				1884AEA51A108C39000D0C16 /* Resources */,
			);
			buildRules = (
			);
			dependencies = (
				1884AEA91A108C39000D0C16 /* PBXTargetDependency */,
			);
			name = ActionSheetTests;
			productName = ActionSheetTests;
			productReference = 1884AEA71A108C39000D0C16 /* ActionSheetTests.xctest */;
			productType = "com.apple.product-type.bundle.unit-test";
		};
/* End PBXNativeTarget section */

/* Begin PBXProject section */
		1884AE861A108C38000D0C16 /* Project object */ = {
			isa = PBXProject;
			attributes = {
				LastUpgradeCheck = 0610;
				ORGANIZATIONNAME = RahulSaini;
				TargetAttributes = {
					1884AE8D1A108C39000D0C16 = {
						CreatedOnToolsVersion = 6.1;
					};
					1884AEA61A108C39000D0C16 = {
						CreatedOnToolsVersion = 6.1;
						TestTargetID = 1884AE8D1A108C39000D0C16;
					};
				};
			};
			buildConfigurationList = 1884AE891A108C38000D0C16 /* Build configuration list for PBXProject "ActionSheet" */;
			compatibilityVersion = "Xcode 3.2";
			developmentRegion = English;
			hasScannedForEncodings = 0;
			knownRegions = (
				en,
				Base,
			);
			mainGroup = 1884AE851A108C38000D0C16;
			productRefGroup = 1884AE8F1A108C39000D0C16 /* Products */;
			projectDirPath = "";
			projectRoot = "";
			targets = (
				1884AE8D1A108C39000D0C16 /* ActionSheet */,
				1884AEA61A108C39000D0C16 /* ActionSheetTests */,
			);
		};
/* End PBXProject section */

/* Begin PBXResourcesBuildPhase section */
		1884AE8C1A108C39000D0C16 /* Resources */ = {
			isa = PBXResourcesBuildPhase;
			buildActionMask = 2147483647;
			files = (
				1884AE9D1A108C39000D0C16 /* Main.storyboard in Resources */,
				1884AEA21A108C39000D0C16 /* LaunchScreen.xib in Resources */,
				1884AE9F1A108C39000D0C16 /* Images.xcassets in Resources */,
			);
			runOnlyForDeploymentPostprocessing = 0;
		};
		1884AEA51A108C39000D0C16 /* Resources */ = {
			isa = PBXResourcesBuildPhase;
			buildActionMask = 2147483647;
			files = (
			);
			runOnlyForDeploymentPostprocessing = 0;
		};
/* End PBXResourcesBuildPhase section */

/* Begin PBXSourcesBuildPhase section */
		1884AE8A1A108C39000D0C16 /* Sources */ = {
			isa = PBXSourcesBuildPhase;
			buildActionMask = 2147483647;
			files = (
				1884AE9A1A108C39000D0C16 /* ViewController.m in Sources */,
				1884AE971A108C39000D0C16 /* AppDelegate.m in Sources */,
				1884AE941A108C39000D0C16 /* main.m in Sources */,
			);
			runOnlyForDeploymentPostprocessing = 0;
		};
		1884AEA31A108C39000D0C16 /* Sources */ = {
			isa = PBXSourcesBuildPhase;
			buildActionMask = 2147483647;
			files = (
				1884AEAE1A108C39000D0C16 /* ActionSheetTests.m in Sources */,
			);
			runOnlyForDeploymentPostprocessing = 0;
		};
/* End PBXSourcesBuildPhase section */

/* Begin PBXTargetDependency section */
		1884AEA91A108C39000D0C16 /* PBXTargetDependency */ = {
			isa = PBXTargetDependency;
			target = 1884AE8D1A108C39000D0C16 /* ActionSheet */;
			targetProxy = 1884AEA81A108C39000D0C16 /* PBXContainerItemProxy */;
		};
/* End PBXTargetDependency section */

/* Begin PBXVariantGroup section */
		1884AE9B1A108C39000D0C16 /* Main.storyboard */ = {
			isa = PBXVariantGroup;
			children = (
				1884AE9C1A108C39000D0C16 /* Base */,
			);
			name = Main.storyboard;
			sourceTree = "<group>";
		};
		1884AEA01A108C39000D0C16 /* LaunchScreen.xib */ = {
			isa = PBXVariantGroup;
			children = (
				1884AEA11A108C39000D0C16 /* Base */,
			);
			name = LaunchScreen.xib;
			sourceTree = "<group>";
		};
/* End PBXVariantGroup section */

/* Begin XCBuildConfiguration section */
		1884AEAF1A108C39000D0C16 /* Debug */ = {
			isa = XCBuildConfiguration;
			buildSettings = {
				ALWAYS_SEARCH_USER_PATHS = NO;
				CLANG_CXX_LANGUAGE_STANDARD = "gnu++0x";
				CLANG_CXX_LIBRARY = "libc++";
				CLANG_ENABLE_MODULES = YES;
				CLANG_ENABLE_OBJC_ARC = YES;
				CLANG_WARN_BOOL_CONVERSION = YES;
				CLANG_WARN_CONSTANT_CONVERSION = YES;
				CLANG_WARN_DIRECT_OBJC_ISA_USAGE = YES_ERROR;
				CLANG_WARN_EMPTY_BODY = YES;
				CLANG_WARN_ENUM_CONVERSION = YES;
				CLANG_WARN_INT_CONVERSION = YES;
				CLANG_WARN_OBJC_ROOT_CLASS = YES_ERROR;
				CLANG_WARN_UNREACHABLE_CODE = YES;
				CLANG_WARN__DUPLICATE_METHOD_MATCH = YES;
				"CODE_SIGN_IDENTITY[sdk=iphoneos*]" = "iPhone Developer";
				COPY_PHASE_STRIP = NO;
				ENABLE_STRICT_OBJC_MSGSEND = YES;
				GCC_C_LANGUAGE_STANDARD = gnu99;
				GCC_DYNAMIC_NO_PIC = NO;
				GCC_OPTIMIZATION_LEVEL = 0;
				GCC_PREPROCESSOR_DEFINITIONS = (
					"DEBUG=1",
					"$(inherited)",
				);
				GCC_SYMBOLS_PRIVATE_EXTERN = NO;
				GCC_WARN_64_TO_32_BIT_CONVERSION = YES;
				GCC_WARN_ABOUT_RETURN_TYPE = YES_ERROR;
				GCC_WARN_UNDECLARED_SELECTOR = YES;
				GCC_WARN_UNINITIALIZED_AUTOS = YES_AGGRESSIVE;
				GCC_WARN_UNUSED_FUNCTION = YES;
				GCC_WARN_UNUSED_VARIABLE = YES;
				IPHONEOS_DEPLOYMENT_TARGET = 8.1;
				MTL_ENABLE_DEBUG_INFO = YES;
				ONLY_ACTIVE_ARCH = YES;
				SDKROOT = iphoneos;
			};
			name = Debug;
		};
		1884AEB01A108C39000D0C16 /* Release */ = {
			isa = XCBuildConfiguration;
			buildSettings = {
				ALWAYS_SEARCH_USER_PATHS = NO;
				CLANG_CXX_LANGUAGE_STANDARD = "gnu++0x";
				CLANG_CXX_LIBRARY = "libc++";
				CLANG_ENABLE_MODULES = YES;
				CLANG_ENABLE_OBJC_ARC = YES;
				CLANG_WARN_BOOL_CONVERSION = YES;
				CLANG_WARN_CONSTANT_CONVERSION = YES;
				CLANG_WARN_DIRECT_OBJC_ISA_USAGE = YES_ERROR;
				CLANG_WARN_EMPTY_BODY = YES;
				CLANG_WARN_ENUM_CONVERSION = YES;
				CLANG_WARN_INT_CONVERSION = YES;
				CLANG_WARN_OBJC_ROOT_CLASS = YES_ERROR;
				CLANG_WARN_UNREACHABLE_CODE = YES;
				CLANG_WARN__DUPLICATE_METHOD_MATCH = YES;
				"CODE_SIGN_IDENTITY[sdk=iphoneos*]" = "iPhone Developer";
				COPY_PHASE_STRIP = YES;
				ENABLE_NS_ASSERTIONS = NO;
				ENABLE_STRICT_OBJC_MSGSEND = YES;
				GCC_C_LANGUAGE_STANDARD = gnu99;
				GCC_WARN_64_TO_32_BIT_CONVERSION = YES;
				GCC_WARN_ABOUT_RETURN_TYPE = YES_ERROR;
				GCC_WARN_UNDECLARED_SELECTOR = YES;
				GCC_WARN_UNINITIALIZED_AUTOS = YES_AGGRESSIVE;
				GCC_WARN_UNUSED_FUNCTION = YES;
				GCC_WARN_UNUSED_VARIABLE = YES;
				IPHONEOS_DEPLOYMENT_TARGET = 8.1;
				MTL_ENABLE_DEBUG_INFO = NO;
				SDKROOT = iphoneos;
				VALIDATE_PRODUCT = YES;
			};
			name = Release;
		};
		1884AEB21A108C39000D0C16 /* Debug */ = {
			isa = XCBuildConfiguration;
			buildSettings = {
				ASSETCATALOG_COMPILER_APPICON_NAME = AppIcon;
				INFOPLIST_FILE = ActionSheet/Info.plist;
				LD_RUNPATH_SEARCH_PATHS = "$(inherited) @executable_path/Frameworks";
				PRODUCT_NAME = "$(TARGET_NAME)";
			};
			name = Debug;
		};
		1884AEB31A108C39000D0C16 /* Release */ = {
			isa = XCBuildConfiguration;
			buildSettings = {
				ASSETCATALOG_COMPILER_APPICON_NAME = AppIcon;
				INFOPLIST_FILE = ActionSheet/Info.plist;
				LD_RUNPATH_SEARCH_PATHS = "$(inherited) @executable_path/Frameworks";
				PRODUCT_NAME = "$(TARGET_NAME)";
			};
			name = Release;
		};
		1884AEB51A108C39000D0C16 /* Debug */ = {
			isa = XCBuildConfiguration;
			buildSettings = {
				BUNDLE_LOADER = "$(TEST_HOST)";
				FRAMEWORK_SEARCH_PATHS = (
					"$(SDKROOT)/Developer/Library/Frameworks",
					"$(inherited)",
				);
				GCC_PREPROCESSOR_DEFINITIONS = (
					"DEBUG=1",
					"$(inherited)",
				);
				INFOPLIST_FILE = ActionSheetTests/Info.plist;
				LD_RUNPATH_SEARCH_PATHS = "$(inherited) @executable_path/Frameworks @loader_path/Frameworks";
				PRODUCT_NAME = "$(TARGET_NAME)";
				TEST_HOST = "$(BUILT_PRODUCTS_DIR)/ActionSheet.app/ActionSheet";
			};
			name = Debug;
		};
		1884AEB61A108C39000D0C16 /* Release */ = {
			isa = XCBuildConfiguration;
			buildSettings = {
				BUNDLE_LOADER = "$(TEST_HOST)";
				FRAMEWORK_SEARCH_PATHS = (
					"$(SDKROOT)/Developer/Library/Frameworks",
					"$(inherited)",
				);
				INFOPLIST_FILE = ActionSheetTests/Info.plist;
				LD_RUNPATH_SEARCH_PATHS = "$(inherited) @executable_path/Frameworks @loader_path/Frameworks";
				PRODUCT_NAME = "$(TARGET_NAME)";
				TEST_HOST = "$(BUILT_PRODUCTS_DIR)/ActionSheet.app/ActionSheet";
			};
			name = Release;
		};
/* End XCBuildConfiguration section */

/* Begin XCConfigurationList section */
		1884AE891A108C38000D0C16 /* Build configuration list for PBXProject "ActionSheet" */ = {
			isa = XCConfigurationList;
			buildConfigurations = (
				1884AEAF1A108C39000D0C16 /* Debug */,
				1884AEB01A108C39000D0C16 /* Release */,
			);
			defaultConfigurationIsVisible = 0;
			defaultConfigurationName = Release;
		};
		1884AEB11A108C39000D0C16 /* Build configuration list for PBXNativeTarget "ActionSheet" */ = {
			isa = XCConfigurationList;
			buildConfigurations = (
				1884AEB21A108C39000D0C16 /* Debug */,
				1884AEB31A108C39000D0C16 /* Release */,
			);
			defaultConfigurationIsVisible = 0;
		};
		1884AEB41A108C39000D0C16 /* Build configuration list for PBXNativeTarget "ActionSheetTests" */ = {
			isa = XCConfigurationList;
			buildConfigurations = (
				1884AEB51A108C39000D0C16 /* Debug */,
				1884AEB61A108C39000D0C16 /* Release */,
			);
			defaultConfigurationIsVisible = 0;
		};
/* End XCConfigurationList section */
	};
	rootObject = 1884AE861A108C38000D0C16 /* Project object */;
}
